
Microsoft Visual Studio Solution File, Format Version 12.00
# Visual Studio Version 16
VisualStudioVersion = 16.0.29920.165
MinimumVisualStudioVersion = 10.0.40219.1
Project("{2150E333-8FDC-42A3-9474-1A3956D46DE8}") = "src", "src", "{71DDC283-F25A-47F4-ADD5-F3838F0E1778}"
EndProject
Project("{2150E333-8FDC-42A3-9474-1A3956D46DE8}") = "services", "services", "{B334BFC6-8103-427A-A6F0-82E6A38CD8A5}"
EndProject
Project("{2150E333-8FDC-42A3-9474-1A3956D46DE8}") = "web", "web", "{B87E21F6-84CF-47E1-8193-510570AE6060}"
EndProject
Project("{9A19103F-16F7-4668-BE54-9A1E7A4F7556}") = "EventCatalogApi", "EventCatalogApi\EventCatalogApi.csproj", "{985EC1CC-523C-4CA7-ACC7-D9C284FADB96}"
EndProject
Project("{E53339B2-1760-4266-BCC7-CA923CBCF16C}") = "docker-compose", "docker-compose.dcproj", "{2FD67504-9175-4429-B105-5E4DDB58BDBB}"
EndProject
Project("{9A19103F-16F7-4668-BE54-9A1E7A4F7556}") = "WebMVC", "WebMVC\WebMVC.csproj", "{817EA8B5-004B-4328-B0D8-FCDB8D1451EA}"
EndProject
Project("{9A19103F-16F7-4668-BE54-9A1E7A4F7556}") = "TokenServiceApi", "TokenServiceApi\TokenServiceApi.csproj", "{4F51ACB0-AF6E-40E0-B8DF-A12B4A0C0E90}"
EndProject
Global
	GlobalSection(SolutionConfigurationPlatforms) = preSolution
		Debug|Any CPU = Debug|Any CPU
		Release|Any CPU = Release|Any CPU
	EndGlobalSection
	GlobalSection(ProjectConfigurationPlatforms) = postSolution
		{985EC1CC-523C-4CA7-ACC7-D9C284FADB96}.Debug|Any CPU.ActiveCfg = Debug|Any CPU
		{985EC1CC-523C-4CA7-ACC7-D9C284FADB96}.Debug|Any CPU.Build.0 = Debug|Any CPU
		{985EC1CC-523C-4CA7-ACC7-D9C284FADB96}.Release|Any CPU.ActiveCfg = Release|Any CPU
		{985EC1CC-523C-4CA7-ACC7-D9C284FADB96}.Release|Any CPU.Build.0 = Release|Any CPU
		{2FD67504-9175-4429-B105-5E4DDB58BDBB}.Debug|Any CPU.ActiveCfg = Debug|Any CPU
		{2FD67504-9175-4429-B105-5E4DDB58BDBB}.Debug|Any CPU.Build.0 = Debug|Any CPU
		{2FD67504-9175-4429-B105-5E4DDB58BDBB}.Release|Any CPU.ActiveCfg = Release|Any CPU
		{2FD67504-9175-4429-B105-5E4DDB58BDBB}.Release|Any CPU.Build.0 = Release|Any CPU
		{817EA8B5-004B-4328-B0D8-FCDB8D1451EA}.Debug|Any CPU.ActiveCfg = Debug|Any CPU
		{817EA8B5-004B-4328-B0D8-FCDB8D1451EA}.Debug|Any CPU.Build.0 = Debug|Any CPU
		{817EA8B5-004B-4328-B0D8-FCDB8D1451EA}.Release|Any CPU.ActiveCfg = Release|Any CPU
		{817EA8B5-004B-4328-B0D8-FCDB8D1451EA}.Release|Any CPU.Build.0 = Release|Any CPU
		{4F51ACB0-AF6E-40E0-B8DF-A12B4A0C0E90}.Debug|Any CPU.ActiveCfg = Debug|Any CPU
		{4F51ACB0-AF6E-40E0-B8DF-A12B4A0C0E90}.Debug|Any CPU.Build.0 = Debug|Any CPU
		{4F51ACB0-AF6E-40E0-B8DF-A12B4A0C0E90}.Release|Any CPU.ActiveCfg = Release|Any CPU
		{4F51ACB0-AF6E-40E0-B8DF-A12B4A0C0E90}.Release|Any CPU.Build.0 = Release|Any CPU
	EndGlobalSection
	GlobalSection(SolutionProperties) = preSolution
		HideSolutionNode = FALSE
	EndGlobalSection
	GlobalSection(NestedProjects) = preSolution
		{B334BFC6-8103-427A-A6F0-82E6A38CD8A5} = {71DDC283-F25A-47F4-ADD5-F3838F0E1778}
		{B87E21F6-84CF-47E1-8193-510570AE6060} = {71DDC283-F25A-47F4-ADD5-F3838F0E1778}
		{985EC1CC-523C-4CA7-ACC7-D9C284FADB96} = {B334BFC6-8103-427A-A6F0-82E6A38CD8A5}
		{817EA8B5-004B-4328-B0D8-FCDB8D1451EA} = {B87E21F6-84CF-47E1-8193-510570AE6060}
		{4F51ACB0-AF6E-40E0-B8DF-A12B4A0C0E90} = {B334BFC6-8103-427A-A6F0-82E6A38CD8A5}
	EndGlobalSection
	GlobalSection(ExtensibilityGlobals) = postSolution
		SolutionGuid = {AD546226-742B-4EE7-8621-B2AE2A5497BD}
	EndGlobalSection
EndGlobal
